<?xml version="1.0" encoding="utf-8"?>
<Project ToolsVersion="4.0" xmlns="http://schemas.microsoft.com/developer/msbuild/2003">
  <ItemGroup>
    <Filter Include="Source Files">
      <UniqueIdentifier>{aaaa0001-0000-0000-0000-000000000001}</UniqueIdentifier>
      <Extensions>c;cpp</Extensions>
    </Filter>
    <Filter Include="Source Files\Core">
      <UniqueIdentifier>{aaaa0001-0000-0000-0000-000000000002}</UniqueIdentifier>
    </Filter>
    <Filter Include="Source Files\Archive">
      <UniqueIdentifier>{aaaa0001-0000-0000-0000-000000000003}</UniqueIdentifier>
    </Filter>
    <Filter Include="Source Files\Document">
      <UniqueIdentifier>{aaaa0001-0000-0000-0000-000000000004}</UniqueIdentifier>
    </Filter>
    <Filter Include="Source Files\Rendering">
      <UniqueIdentifier>{aaaa0001-0000-0000-0000-000000000005}</UniqueIdentifier>
    </Filter>
    <Filter Include="Header Files">
      <UniqueIdentifier>{bbbb0001-0000-0000-0000-000000000001}</UniqueIdentifier>
      <Extensions>h;hpp</Extensions>
    </Filter>
    <Filter Include="Header Files\Core">
      <UniqueIdentifier>{bbbb0001-0000-0000-0000-000000000002}</UniqueIdentifier>
    </Filter>
    <Filter Include="Header Files\Archive">
      <UniqueIdentifier>{bbbb0001-0000-0000-0000-000000000003}</UniqueIdentifier>
    </Filter>
    <Filter Include="Header Files\Document">
      <UniqueIdentifier>{bbbb0001-0000-0000-0000-000000000004}</UniqueIdentifier>
    </Filter>
    <Filter Include="Header Files\Rendering">
      <UniqueIdentifier>{bbbb0001-0000-0000-0000-000000000005}</UniqueIdentifier>
    </Filter>
  </ItemGroup>
  <ItemGroup>
    <ClCompile Include="src\source\main.c">
      <Filter>Source Files\Core</Filter>
    </ClCompile>
    <ClCompile Include="src\source\application.c">
      <Filter>Source Files\Core</Filter>
    </ClCompile>
    <ClCompile Include="src\source\platform.c">
      <Filter>Source Files\Core</Filter>
    </ClCompile>
    <ClCompile Include="src\source\window.c">
      <Filter>Source Files\Core</Filter>
    </ClCompile>
    <ClCompile Include="src\source\archive.c">
      <Filter>Source Files\Archive</Filter>
    </ClCompile>
    <ClCompile Include="src\source\inflate.c">
      <Filter>Source Files\Archive</Filter>
    </ClCompile>
    <ClCompile Include="src\source\document.c">
      <Filter>Source Files\Document</Filter>
    </ClCompile>
    <ClCompile Include="src\source\renderer.c">
      <Filter>Source Files\Rendering</Filter>
    </ClCompile>
  </ItemGroup>
  <ItemGroup>
    <ClInclude Include="src\include\ereader.h">
      <Filter>Header Files\Core</Filter>
    </ClInclude>
    <ClInclude Include="src\include\platform.h">
      <Filter>Header Files\Core</Filter>
    </ClInclude>
    <ClInclude Include="src\include\application.h">
      <Filter>Header Files\Core</Filter>
    </ClInclude>
    <ClInclude Include="src\include\window.h">
      <Filter>Header Files\Core</Filter>
    </ClInclude>
    <ClInclude Include="src\include\archive.h">
      <Filter>Header Files\Archive</Filter>
    </ClInclude>
    <ClInclude Include="src\include\inflate.h">
      <Filter>Header Files\Archive</Filter>
    </ClInclude>
    <ClInclude Include="src\include\document.h">
      <Filter>Header Files\Document</Filter>
    </ClInclude>
    <ClInclude Include="src\include\renderer.h">
      <Filter>Header Files\Rendering</Filter>
    </ClInclude>
  </ItemGroup>
</Project>
